
Microsoft Visual Studio Solution File, Format Version 12.00
# Visual Studio 15
VisualStudioVersion = 15.0.27004.2006
MinimumVisualStudioVersion = 10.0.40219.1
Project("{FAE04EC0-301F-11D3-BF4B-00C04F79EFBC}") = "DownloadTeamDriveFiles", "ConsoleApp2\DownloadTeamDriveFiles.csproj", "{48F42AD3-A09F-4C4C-8164-27B5A5926900}"
EndProject
Global
	GlobalSection(SolutionConfigurationPlatforms) = preSolution
		Debug|Any CPU = Debug|Any CPU
		Release|Any CPU = Release|Any CPU
	EndGlobalSection
	GlobalSection(ProjectConfigurationPlatforms) = postSolution
		{48F42AD3-A09F-4C4C-8164-27B5A5926900}.Debug|Any CPU.ActiveCfg = Debug|Any CPU
		{48F42AD3-A09F-4C4C-8164-27B5A5926900}.Debug|Any CPU.Build.0 = Debug|Any CPU
		{48F42AD3-A09F-4C4C-8164-27B5A5926900}.Release|Any CPU.ActiveCfg = Release|Any CPU
		{48F42AD3-A09F-4C4C-8164-27B5A5926900}.Release|Any CPU.Build.0 = Release|Any CPU
	EndGlobalSection
	GlobalSection(SolutionProperties) = preSolution
		HideSolutionNode = FALSE
	EndGlobalSection
	GlobalSection(ExtensibilityGlobals) = postSolution
		SolutionGuid = {3AD01952-0CD2-45D6-904C-57A7C7468E4D}
	EndGlobalSection
EndGlobal
